{
  "name": "building-responsive-design",
  "requires": true,
  "lockfileVersion": 1,
  "dependencies": {
    "modern-normalize": {
      "version": "0.6.0",
      "resolved": "https://registry.npmjs.org/modern-normalize/-/modern-normalize-0.6.0.tgz",
      "integrity": "sha512-gzvL1uFLV4EErHhaKoqTcrx52/sea6AIcMFWz/GBCuFrDBp485wSgyX5M+MZsj+grfcuqYLQGfHjDRrCvvwZLw=="
    }
  }
}
